// !$*UTF8*$!
{
	archiveVersion = 1;
	classes = {
	};
	objectVersion = 56;
	objects = {

/* Begin PBXBuildFile section */
		BEC6E2752C367AB200F57EBC /* AppDelegate.swift in Sources */ = {isa = PBXBuildFile; fileRef = BEC6E2742C367AB200F57EBC /* AppDelegate.swift */; };
		BEC6E2772C367AB200F57EBC /* SceneDelegate.swift in Sources */ = {isa = PBXBuildFile; fileRef = BEC6E2762C367AB200F57EBC /* SceneDelegate.swift */; };
		BEC6E2792C367AB200F57EBC /* ViewController.swift in Sources */ = {isa = PBXBuildFile; fileRef = BEC6E2782C367AB200F57EBC /* ViewController.swift */; };
		BEC6E27C2C367AB200F57EBC /* Base in Resources */ = {isa = PBXBuildFile; fileRef = BEC6E27B2C367AB200F57EBC /* Base */; };
		BEC6E27F2C367AB200F57EBC /* Platin.xcdatamodeld in Sources */ = {isa = PBXBuildFile; fileRef = BEC6E27D2C367AB200F57EBC /* Platin.xcdatamodeld */; };
		BEC6E2812C367AB300F57EBC /* Assets.xcassets in Resources */ = {isa = PBXBuildFile; fileRef = BEC6E2802C367AB300F57EBC /* Assets.xcassets */; };
		BEC6E2842C367AB300F57EBC /* Base in Resources */ = {isa = PBXBuildFile; fileRef = BEC6E2832C367AB300F57EBC /* Base */; };
		BF3E2A4F847DC86C4C88CDCA /* Pods_Platin.framework in Frameworks */ = {isa = PBXBuildFile; fileRef = 4EA1100FBAC94097DFD7AF72 /* Pods_Platin.framework */; };
/* End PBXBuildFile section */

/* Begin PBXFileReference section */
		4EA1100FBAC94097DFD7AF72 /* Pods_Platin.framework */ = {isa = PBXFileReference; explicitFileType = wrapper.framework; includeInIndex = 0; path = Pods_Platin.framework; sourceTree = BUILT_PRODUCTS_DIR; };
		7793A775FCDC411B49048B35 /* Pods-Platin.release.xcconfig */ = {isa = PBXFileReference; includeInIndex = 1; lastKnownFileType = text.xcconfig; name = "Pods-Platin.release.xcconfig"; path = "Target Support Files/Pods-Platin/Pods-Platin.release.xcconfig"; sourceTree = "<group>"; };
		BEC6E2712C367AB200F57EBC /* Platin.app */ = {isa = PBXFileReference; explicitFileType = wrapper.application; includeInIndex = 0; path = Platin.app; sourceTree = BUILT_PRODUCTS_DIR; };
		BEC6E2742C367AB200F57EBC /* AppDelegate.swift */ = {isa = PBXFileReference; lastKnownFileType = sourcecode.swift; path = AppDelegate.swift; sourceTree = "<group>"; };
		BEC6E2762C367AB200F57EBC /* SceneDelegate.swift */ = {isa = PBXFileReference; lastKnownFileType = sourcecode.swift; path = SceneDelegate.swift; sourceTree = "<group>"; };
		BEC6E2782C367AB200F57EBC /* ViewController.swift */ = {isa = PBXFileReference; lastKnownFileType = sourcecode.swift; path = ViewController.swift; sourceTree = "<group>"; };
		BEC6E27B2C367AB200F57EBC /* Base */ = {isa = PBXFileReference; lastKnownFileType = file.storyboard; name = Base; path = Base.lproj/Main.storyboard; sourceTree = "<group>"; };
		BEC6E27E2C367AB200F57EBC /* Platin.xcdatamodel */ = {isa = PBXFileReference; lastKnownFileType = wrapper.xcdatamodel; path = Platin.xcdatamodel; sourceTree = "<group>"; };
		BEC6E2802C367AB300F57EBC /* Assets.xcassets */ = {isa = PBXFileReference; lastKnownFileType = folder.assetcatalog; path = Assets.xcassets; sourceTree = "<group>"; };
		BEC6E2832C367AB300F57EBC /* Base */ = {isa = PBXFileReference; lastKnownFileType = file.storyboard; name = Base; path = Base.lproj/LaunchScreen.storyboard; sourceTree = "<group>"; };
		BEC6E2852C367AB300F57EBC /* Info.plist */ = {isa = PBXFileReference; lastKnownFileType = text.plist.xml; path = Info.plist; sourceTree = "<group>"; };
		E2C5A3678DE1A986754BF1B2 /* Pods-Platin.debug.xcconfig */ = {isa = PBXFileReference; includeInIndex = 1; lastKnownFileType = text.xcconfig; name = "Pods-Platin.debug.xcconfig"; path = "Target Support Files/Pods-Platin/Pods-Platin.debug.xcconfig"; sourceTree = "<group>"; };
/* End PBXFileReference section */

/* Begin PBXFrameworksBuildPhase section */
		BEC6E26E2C367AB200F57EBC /* Frameworks */ = {
			isa = PBXFrameworksBuildPhase;
			buildActionMask = 2147483647;
			files = (
				BF3E2A4F847DC86C4C88CDCA /* Pods_Platin.framework in Frameworks */,
			);
			runOnlyForDeploymentPostprocessing = 0;
		};
/* End PBXFrameworksBuildPhase section */

/* Begin PBXGroup section */
		378DF6AC884BFB0771481BAA /* Frameworks */ = {
			isa = PBXGroup;
			children = (
				4EA1100FBAC94097DFD7AF72 /* Pods_Platin.framework */,
			);
			name = Frameworks;
			sourceTree = "<group>";
		};
		BEC6E2682C367AB200F57EBC = {
			isa = PBXGroup;
			children = (
				BEC6E2732C367AB200F57EBC /* Platin */,
				BEC6E2722C367AB200F57EBC /* Products */,
				D07B073829390F0F2BB69457 /* Pods */,
				378DF6AC884BFB0771481BAA /* Frameworks */,
			);
			sourceTree = "<group>";
		};
		BEC6E2722C367AB200F57EBC /* Products */ = {
			isa = PBXGroup;
			children = (
				BEC6E2712C367AB200F57EBC /* Platin.app */,
			);
			name = Products;
			sourceTree = "<group>";
		};
		BEC6E2732C367AB200F57EBC /* Platin */ = {
			isa = PBXGroup;
			children = (
				BEC6E2742C367AB200F57EBC /* AppDelegate.swift */,
				BEC6E2762C367AB200F57EBC /* SceneDelegate.swift */,
				BEC6E2782C367AB200F57EBC /* ViewController.swift */,
				BEC6E27A2C367AB200F57EBC /* Main.storyboard */,
				BEC6E2802C367AB300F57EBC /* Assets.xcassets */,
				BEC6E2822C367AB300F57EBC /* LaunchScreen.storyboard */,
				BEC6E2852C367AB300F57EBC /* Info.plist */,
				BEC6E27D2C367AB200F57EBC /* Platin.xcdatamodeld */,
			);
			path = Platin;
			sourceTree = "<group>";
		};
		D07B073829390F0F2BB69457 /* Pods */ = {
			isa = PBXGroup;
			children = (
				E2C5A3678DE1A986754BF1B2 /* Pods-Platin.debug.xcconfig */,
				7793A775FCDC411B49048B35 /* Pods-Platin.release.xcconfig */,
			);
			name = Pods;
			path = Pods;
			sourceTree = "<group>";
		};
/* End PBXGroup section */

/* Begin PBXNativeTarget section */
		BEC6E2702C367AB200F57EBC /* Platin */ = {
			isa = PBXNativeTarget;
			buildConfigurationList = BEC6E2882C367AB300F57EBC /* Build configuration list for PBXNativeTarget "Platin" */;
			buildPhases = (
				40D23606C5B3BB571902E5FB /* [CP] Check Pods Manifest.lock */,
				BEC6E26D2C367AB200F57EBC /* Sources */,
				BEC6E26E2C367AB200F57EBC /* Frameworks */,
				BEC6E26F2C367AB200F57EBC /* Resources */,
			);
			buildRules = (
			);
			dependencies = (
			);
			name = Platin;
			productName = Platin;
			productReference = BEC6E2712C367AB200F57EBC /* Platin.app */;
			productType = "com.apple.product-type.application";
		};
/* End PBXNativeTarget section */

/* Begin PBXProject section */
		BEC6E2692C367AB200F57EBC /* Project object */ = {
			isa = PBXProject;
			attributes = {
				BuildIndependentTargetsInParallel = 1;
				LastSwiftUpdateCheck = 1540;
				LastUpgradeCheck = 1540;
				TargetAttributes = {
					BEC6E2702C367AB200F57EBC = {
						CreatedOnToolsVersion = 15.4;
					};
				};
			};
			buildConfigurationList = BEC6E26C2C367AB200F57EBC /* Build configuration list for PBXProject "Platin" */;
			compatibilityVersion = "Xcode 14.0";
			developmentRegion = en;
			hasScannedForEncodings = 0;
			knownRegions = (
				en,
				Base,
			);
			mainGroup = BEC6E2682C367AB200F57EBC;
			productRefGroup = BEC6E2722C367AB200F57EBC /* Products */;
			projectDirPath = "";
			projectRoot = "";
			targets = (
				BEC6E2702C367AB200F57EBC /* Platin */,
			);
		};
/* End PBXProject section */

/* Begin PBXResourcesBuildPhase section */
		BEC6E26F2C367AB200F57EBC /* Resources */ = {
			isa = PBXResourcesBuildPhase;
			buildActionMask = 2147483647;
			files = (
				BEC6E2812C367AB300F57EBC /* Assets.xcassets in Resources */,
				BEC6E2842C367AB300F57EBC /* Base in Resources */,
				BEC6E27C2C367AB200F57EBC /* Base in Resources */,
			);
			runOnlyForDeploymentPostprocessing = 0;
		};
/* End PBXResourcesBuildPhase section */

/* Begin PBXShellScriptBuildPhase section */
		40D23606C5B3BB571902E5FB /* [CP] Check Pods Manifest.lock */ = {
			isa = PBXShellScriptBuildPhase;
			buildActionMask = 2147483647;
			files = (
			);
			inputFileListPaths = (
			);
			inputPaths = (
				"${PODS_PODFILE_DIR_PATH}/Podfile.lock",
				"${PODS_ROOT}/Manifest.lock",
			);
			name = "[CP] Check Pods Manifest.lock";
			outputFileListPaths = (
			);
			outputPaths = (
				"$(DERIVED_FILE_DIR)/Pods-Platin-checkManifestLockResult.txt",
			);
			runOnlyForDeploymentPostprocessing = 0;
			shellPath = /bin/sh;
			shellScript = "diff \"${PODS_PODFILE_DIR_PATH}/Podfile.lock\" \"${PODS_ROOT}/Manifest.lock\" > /dev/null\nif [ $? != 0 ] ; then\n    # print error to STDERR\n    echo \"error: The sandbox is not in sync with the Podfile.lock. Run 'pod install' or update your CocoaPods installation.\" >&2\n    exit 1\nfi\n# This output is used by Xcode 'outputs' to avoid re-running this script phase.\necho \"SUCCESS\" > \"${SCRIPT_OUTPUT_FILE_0}\"\n";
			showEnvVarsInLog = 0;
		};
/* End PBXShellScriptBuildPhase section */

/* Begin PBXSourcesBuildPhase section */
		BEC6E26D2C367AB200F57EBC /* Sources */ = {
			isa = PBXSourcesBuildPhase;
			buildActionMask = 2147483647;
			files = (
				BEC6E2792C367AB200F57EBC /* ViewController.swift in Sources */,
				BEC6E2752C367AB200F57EBC /* AppDelegate.swift in Sources */,
				BEC6E2772C367AB200F57EBC /* SceneDelegate.swift in Sources */,
				BEC6E27F2C367AB200F57EBC /* Platin.xcdatamodeld in Sources */,
			);
			runOnlyForDeploymentPostprocessing = 0;
		};
/* End PBXSourcesBuildPhase section */

/* Begin PBXVariantGroup section */
		BEC6E27A2C367AB200F57EBC /* Main.storyboard */ = {
			isa = PBXVariantGroup;
			children = (
				BEC6E27B2C367AB200F57EBC /* Base */,
			);
			name = Main.storyboard;
			sourceTree = "<group>";
		};
		BEC6E2822C367AB300F57EBC /* LaunchScreen.storyboard */ = {
			isa = PBXVariantGroup;
			children = (
				BEC6E2832C367AB300F57EBC /* Base */,
			);
			name = LaunchScreen.storyboard;
			sourceTree = "<group>";
		};
/* End PBXVariantGroup section */

/* Begin XCBuildConfiguration section */
		BEC6E2862C367AB300F57EBC /* Debug */ = {
			isa = XCBuildConfiguration;
			buildSettings = {
				ALWAYS_SEARCH_USER_PATHS = NO;
				ASSETCATALOG_COMPILER_GENERATE_SWIFT_ASSET_SYMBOL_EXTENSIONS = YES;
				CLANG_ANALYZER_NONNULL = YES;
				CLANG_ANALYZER_NUMBER_OBJECT_CONVERSION = YES_AGGRESSIVE;
				CLANG_CXX_LANGUAGE_STANDARD = "gnu++20";
				CLANG_ENABLE_MODULES = YES;
				CLANG_ENABLE_OBJC_ARC = YES;
				CLANG_ENABLE_OBJC_WEAK = YES;
				CLANG_WARN_BLOCK_CAPTURE_AUTORELEASING = YES;
				CLANG_WARN_BOOL_CONVERSION = YES;
				CLANG_WARN_COMMA = YES;
				CLANG_WARN_CONSTANT_CONVERSION = YES;
				CLANG_WARN_DEPRECATED_OBJC_IMPLEMENTATIONS = YES;
				CLANG_WARN_DIRECT_OBJC_ISA_USAGE = YES_ERROR;
				CLANG_WARN_DOCUMENTATION_COMMENTS = YES;
				CLANG_WARN_EMPTY_BODY = YES;
				CLANG_WARN_ENUM_CONVERSION = YES;
				CLANG_WARN_INFINITE_RECURSION = YES;
				CLANG_WARN_INT_CONVERSION = YES;
				CLANG_WARN_NON_LITERAL_NULL_CONVERSION = YES;
				CLANG_WARN_OBJC_IMPLICIT_RETAIN_SELF = YES;
				CLANG_WARN_OBJC_LITERAL_CONVERSION = YES;
				CLANG_WARN_OBJC_ROOT_CLASS = YES_ERROR;
				CLANG_WARN_QUOTED_INCLUDE_IN_FRAMEWORK_HEADER = YES;
				CLANG_WARN_RANGE_LOOP_ANALYSIS = YES;
				CLANG_WARN_STRICT_PROTOTYPES = YES;
				CLANG_WARN_SUSPICIOUS_MOVE = YES;
				CLANG_WARN_UNGUARDED_AVAILABILITY = YES_AGGRESSIVE;
				CLANG_WARN_UNREACHABLE_CODE = YES;
				CLANG_WARN__DUPLICATE_METHOD_MATCH = YES;
				COPY_PHASE_STRIP = NO;
				DEBUG_INFORMATION_FORMAT = dwarf;
				ENABLE_STRICT_OBJC_MSGSEND = YES;
				ENABLE_TESTABILITY = YES;
				ENABLE_USER_SCRIPT_SANDBOXING = YES;
				GCC_C_LANGUAGE_STANDARD = gnu17;
				GCC_DYNAMIC_NO_PIC = NO;
				GCC_NO_COMMON_BLOCKS = YES;
				GCC_OPTIMIZATION_LEVEL = 0;
				GCC_PREPROCESSOR_DEFINITIONS = (
					"DEBUG=1",
					"$(inherited)",
				);
				GCC_WARN_64_TO_32_BIT_CONVERSION = YES;
				GCC_WARN_ABOUT_RETURN_TYPE = YES_ERROR;
				GCC_WARN_UNDECLARED_SELECTOR = YES;
				GCC_WARN_UNINITIALIZED_AUTOS = YES_AGGRESSIVE;
				GCC_WARN_UNUSED_FUNCTION = YES;
				GCC_WARN_UNUSED_VARIABLE = YES;
				IPHONEOS_DEPLOYMENT_TARGET = 17.5;
				LOCALIZATION_PREFERS_STRING_CATALOGS = YES;
				MTL_ENABLE_DEBUG_INFO = INCLUDE_SOURCE;
				MTL_FAST_MATH = YES;
				ONLY_ACTIVE_ARCH = YES;
				SDKROOT = iphoneos;
				SWIFT_ACTIVE_COMPILATION_CONDITIONS = "DEBUG $(inherited)";
				SWIFT_OPTIMIZATION_LEVEL = "-Onone";
			};
			name = Debug;
		};
		BEC6E2872C367AB300F57EBC /* Release */ = {
			isa = XCBuildConfiguration;
			buildSettings = {
				ALWAYS_SEARCH_USER_PATHS = NO;
				ASSETCATALOG_COMPILER_GENERATE_SWIFT_ASSET_SYMBOL_EXTENSIONS = YES;
				CLANG_ANALYZER_NONNULL = YES;
				CLANG_ANALYZER_NUMBER_OBJECT_CONVERSION = YES_AGGRESSIVE;
				CLANG_CXX_LANGUAGE_STANDARD = "gnu++20";
				CLANG_ENABLE_MODULES = YES;
				CLANG_ENABLE_OBJC_ARC = YES;
				CLANG_ENABLE_OBJC_WEAK = YES;
				CLANG_WARN_BLOCK_CAPTURE_AUTORELEASING = YES;
				CLANG_WARN_BOOL_CONVERSION = YES;
				CLANG_WARN_COMMA = YES;
				CLANG_WARN_CONSTANT_CONVERSION = YES;
				CLANG_WARN_DEPRECATED_OBJC_IMPLEMENTATIONS = YES;
				CLANG_WARN_DIRECT_OBJC_ISA_USAGE = YES_ERROR;
				CLANG_WARN_DOCUMENTATION_COMMENTS = YES;
				CLANG_WARN_EMPTY_BODY = YES;
				CLANG_WARN_ENUM_CONVERSION = YES;
				CLANG_WARN_INFINITE_RECURSION = YES;
				CLANG_WARN_INT_CONVERSION = YES;
				CLANG_WARN_NON_LITERAL_NULL_CONVERSION = YES;
				CLANG_WARN_OBJC_IMPLICIT_RETAIN_SELF = YES;
				CLANG_WARN_OBJC_LITERAL_CONVERSION = YES;
				CLANG_WARN_OBJC_ROOT_CLASS = YES_ERROR;
				CLANG_WARN_QUOTED_INCLUDE_IN_FRAMEWORK_HEADER = YES;
				CLANG_WARN_RANGE_LOOP_ANALYSIS = YES;
				CLANG_WARN_STRICT_PROTOTYPES = YES;
				CLANG_WARN_SUSPICIOUS_MOVE = YES;
				CLANG_WARN_UNGUARDED_AVAILABILITY = YES_AGGRESSIVE;
				CLANG_WARN_UNREACHABLE_CODE = YES;
				CLANG_WARN__DUPLICATE_METHOD_MATCH = YES;
				COPY_PHASE_STRIP = NO;
				DEBUG_INFORMATION_FORMAT = "dwarf-with-dsym";
				ENABLE_NS_ASSERTIONS = NO;
				ENABLE_STRICT_OBJC_MSGSEND = YES;
				ENABLE_USER_SCRIPT_SANDBOXING = YES;
				GCC_C_LANGUAGE_STANDARD = gnu17;
				GCC_NO_COMMON_BLOCKS = YES;
				GCC_WARN_64_TO_32_BIT_CONVERSION = YES;
				GCC_WARN_ABOUT_RETURN_TYPE = YES_ERROR;
				GCC_WARN_UNDECLARED_SELECTOR = YES;
				GCC_WARN_UNINITIALIZED_AUTOS = YES_AGGRESSIVE;
				GCC_WARN_UNUSED_FUNCTION = YES;
				GCC_WARN_UNUSED_VARIABLE = YES;
				IPHONEOS_DEPLOYMENT_TARGET = 17.5;
				LOCALIZATION_PREFERS_STRING_CATALOGS = YES;
				MTL_ENABLE_DEBUG_INFO = NO;
				MTL_FAST_MATH = YES;
				SDKROOT = iphoneos;
				SWIFT_COMPILATION_MODE = wholemodule;
				VALIDATE_PRODUCT = YES;
			};
			name = Release;
		};
		BEC6E2892C367AB300F57EBC /* Debug */ = {
			isa = XCBuildConfiguration;
			baseConfigurationReference = E2C5A3678DE1A986754BF1B2 /* Pods-Platin.debug.xcconfig */;
			buildSettings = {
				ASSETCATALOG_COMPILER_APPICON_NAME = AppIcon;
				ASSETCATALOG_COMPILER_GLOBAL_ACCENT_COLOR_NAME = AccentColor;
				CODE_SIGN_STYLE = Automatic;
				CURRENT_PROJECT_VERSION = 1;
				DEVELOPMENT_TEAM = QVFP3WE862;
				GENERATE_INFOPLIST_FILE = YES;
				INFOPLIST_FILE = Platin/Info.plist;
				INFOPLIST_KEY_UIApplicationSupportsIndirectInputEvents = YES;
				INFOPLIST_KEY_UILaunchStoryboardName = LaunchScreen;
				INFOPLIST_KEY_UIMainStoryboardFile = Main;
				INFOPLIST_KEY_UISupportedInterfaceOrientations_iPad = "UIInterfaceOrientationPortrait UIInterfaceOrientationPortraitUpsideDown UIInterfaceOrientationLandscapeLeft UIInterfaceOrientationLandscapeRight";
				INFOPLIST_KEY_UISupportedInterfaceOrientations_iPhone = "UIInterfaceOrientationPortrait UIInterfaceOrientationLandscapeLeft UIInterfaceOrientationLandscapeRight";
				LD_RUNPATH_SEARCH_PATHS = (
					"$(inherited)",
					"@executable_path/Frameworks",
				);
				MARKETING_VERSION = 1.0;
				PRODUCT_BUNDLE_IDENTIFIER = blueray.com.Platin;
				PRODUCT_NAME = "$(TARGET_NAME)";
				SWIFT_EMIT_LOC_STRINGS = YES;
				SWIFT_VERSION = 5.0;
				TARGETED_DEVICE_FAMILY = "1,2";
			};
			name = Debug;
		};
		BEC6E28A2C367AB300F57EBC /* Release */ = {
			isa = XCBuildConfiguration;
			baseConfigurationReference = 7793A775FCDC411B49048B35 /* Pods-Platin.release.xcconfig */;
			buildSettings = {
				ASSETCATALOG_COMPILER_APPICON_NAME = AppIcon;
				ASSETCATALOG_COMPILER_GLOBAL_ACCENT_COLOR_NAME = AccentColor;
				CODE_SIGN_STYLE = Automatic;
				CURRENT_PROJECT_VERSION = 1;
				DEVELOPMENT_TEAM = QVFP3WE862;
				GENERATE_INFOPLIST_FILE = YES;
				INFOPLIST_FILE = Platin/Info.plist;
				INFOPLIST_KEY_UIApplicationSupportsIndirectInputEvents = YES;
				INFOPLIST_KEY_UILaunchStoryboardName = LaunchScreen;
				INFOPLIST_KEY_UIMainStoryboardFile = Main;
				INFOPLIST_KEY_UISupportedInterfaceOrientations_iPad = "UIInterfaceOrientationPortrait UIInterfaceOrientationPortraitUpsideDown UIInterfaceOrientationLandscapeLeft UIInterfaceOrientationLandscapeRight";
				INFOPLIST_KEY_UISupportedInterfaceOrientations_iPhone = "UIInterfaceOrientationPortrait UIInterfaceOrientationLandscapeLeft UIInterfaceOrientationLandscapeRight";
				LD_RUNPATH_SEARCH_PATHS = (
					"$(inherited)",
					"@executable_path/Frameworks",
				);
				MARKETING_VERSION = 1.0;
				PRODUCT_BUNDLE_IDENTIFIER = blueray.com.Platin;
				PRODUCT_NAME = "$(TARGET_NAME)";
				SWIFT_EMIT_LOC_STRINGS = YES;
				SWIFT_VERSION = 5.0;
				TARGETED_DEVICE_FAMILY = "1,2";
			};
			name = Release;
		};
/* End XCBuildConfiguration section */

/* Begin XCConfigurationList section */
		BEC6E26C2C367AB200F57EBC /* Build configuration list for PBXProject "Platin" */ = {
			isa = XCConfigurationList;
			buildConfigurations = (
				BEC6E2862C367AB300F57EBC /* Debug */,
				BEC6E2872C367AB300F57EBC /* Release */,
			);
			defaultConfigurationIsVisible = 0;
			defaultConfigurationName = Release;
		};
		BEC6E2882C367AB300F57EBC /* Build configuration list for PBXNativeTarget "Platin" */ = {
			isa = XCConfigurationList;
			buildConfigurations = (
				BEC6E2892C367AB300F57EBC /* Debug */,
				BEC6E28A2C367AB300F57EBC /* Release */,
			);
			defaultConfigurationIsVisible = 0;
			defaultConfigurationName = Release;
		};
/* End XCConfigurationList section */

/* Begin XCVersionGroup section */
		BEC6E27D2C367AB200F57EBC /* Platin.xcdatamodeld */ = {
			isa = XCVersionGroup;
			children = (
				BEC6E27E2C367AB200F57EBC /* Platin.xcdatamodel */,
			);
			currentVersion = BEC6E27E2C367AB200F57EBC /* Platin.xcdatamodel */;
			path = Platin.xcdatamodeld;
			sourceTree = "<group>";
			versionGroupType = wrapper.xcdatamodel;
		};
/* End XCVersionGroup section */
	};
	rootObject = BEC6E2692C367AB200F57EBC /* Project object */;
}
